
Microsoft Visual Studio Solution File, Format Version 12.00
# Visual Studio Version 17
VisualStudioVersion = 17.0.31903.59
MinimumVisualStudioVersion = 10.0.40219.1
Project("{FAE04EC0-301F-11D3-BF4B-00C04F79EFBC}") = "KPI.Pulse.UI", "src\KPI.Pulse.UI\KPI.Pulse.UI.csproj", "{6FD446BB-ACC1-4F04-B3A4-BAC33760FE2F}"
EndProject
Project("{FAE04EC0-301F-11D3-BF4B-00C04F79EFBC}") = "KPU.Pulse.DataAccess", "src\KPU.Pulse.DataAccess\KPU.Pulse.DataAccess.csproj", "{1C26895E-0C71-4A1C-8513-6857431C4E2C}"
EndProject
Project("{2150E333-8FDC-42A3-9474-1A3956D46DE8}") = "Solution Items", "Solution Items", "{8EC462FD-D22E-90A8-E5CE-7E832BA40C5D}"
	ProjectSection(SolutionItems) = preProject
		Directory.Packages.props = Directory.Packages.props
		LICENSE = LICENSE
		README.md = README.md
	EndProjectSection
EndProject
Global
	GlobalSection(SolutionConfigurationPlatforms) = preSolution
		Debug|Any CPU = Debug|Any CPU
		Release|Any CPU = Release|Any CPU
	EndGlobalSection
	GlobalSection(ProjectConfigurationPlatforms) = postSolution
		{6FD446BB-ACC1-4F04-B3A4-BAC33760FE2F}.Debug|Any CPU.ActiveCfg = Debug|Any CPU
		{6FD446BB-ACC1-4F04-B3A4-BAC33760FE2F}.Debug|Any CPU.Build.0 = Debug|Any CPU
		{6FD446BB-ACC1-4F04-B3A4-BAC33760FE2F}.Release|Any CPU.ActiveCfg = Release|Any CPU
		{6FD446BB-ACC1-4F04-B3A4-BAC33760FE2F}.Release|Any CPU.Build.0 = Release|Any CPU
		{1C26895E-0C71-4A1C-8513-6857431C4E2C}.Debug|Any CPU.ActiveCfg = Debug|Any CPU
		{1C26895E-0C71-4A1C-8513-6857431C4E2C}.Debug|Any CPU.Build.0 = Debug|Any CPU
		{1C26895E-0C71-4A1C-8513-6857431C4E2C}.Release|Any CPU.ActiveCfg = Release|Any CPU
		{1C26895E-0C71-4A1C-8513-6857431C4E2C}.Release|Any CPU.Build.0 = Release|Any CPU
	EndGlobalSection
	GlobalSection(SolutionProperties) = preSolution
		HideSolutionNode = FALSE
	EndGlobalSection
	GlobalSection(ExtensibilityGlobals) = postSolution
		SolutionGuid = {6A253C95-266C-49AE-A678-071CD1EC8209}
	EndGlobalSection
EndGlobal
